// !$*UTF8*$!
{
	archiveVersion = 1;
	classes = {
	};
	objectVersion = 56;
	objects = {

/* Begin PBXBuildFile section */
		372DDF7B2B00ED2500FEC867 /* watchDDayApp.swift in Sources */ = {isa = PBXBuildFile; fileRef = 372DDF7A2B00ED2500FEC867 /* watchDDayApp.swift */; };
		372DDF7D2B00ED2500FEC867 /* ContentView.swift in Sources */ = {isa = PBXBuildFile; fileRef = 372DDF7C2B00ED2500FEC867 /* ContentView.swift */; };
		372DDF7F2B00ED2600FEC867 /* Assets.xcassets in Resources */ = {isa = PBXBuildFile; fileRef = 372DDF7E2B00ED2600FEC867 /* Assets.xcassets */; };
		372DDF822B00ED2600FEC867 /* Preview Assets.xcassets in Resources */ = {isa = PBXBuildFile; fileRef = 372DDF812B00ED2600FEC867 /* Preview Assets.xcassets */; };
		372DDF8C2B00ED2700FEC867 /* watchDDay_Watch_AppTests.swift in Sources */ = {isa = PBXBuildFile; fileRef = 372DDF8B2B00ED2700FEC867 /* watchDDay_Watch_AppTests.swift */; };
		372DDF962B00ED2700FEC867 /* watchDDay_Watch_AppUITests.swift in Sources */ = {isa = PBXBuildFile; fileRef = 372DDF952B00ED2700FEC867 /* watchDDay_Watch_AppUITests.swift */; };
		372DDF982B00ED2700FEC867 /* watchDDay_Watch_AppUITestsLaunchTests.swift in Sources */ = {isa = PBXBuildFile; fileRef = 372DDF972B00ED2700FEC867 /* watchDDay_Watch_AppUITestsLaunchTests.swift */; };
		372DDF9B2B00ED2700FEC867 /* watchDDay Watch App.app in Embed Watch Content */ = {isa = PBXBuildFile; fileRef = 372DDF782B00ED2500FEC867 /* watchDDay Watch App.app */; settings = {ATTRIBUTES = (RemoveHeadersOnCopy, ); }; };
		372DDFCC2B0128F700FEC867 /* Data.swift in Sources */ = {isa = PBXBuildFile; fileRef = 372DDFC72B0128F700FEC867 /* Data.swift */; };
		372DDFCD2B0128F700FEC867 /* Data.swift in Sources */ = {isa = PBXBuildFile; fileRef = 372DDFC72B0128F700FEC867 /* Data.swift */; };
		372DDFCE2B0128F700FEC867 /* Notifications.swift in Sources */ = {isa = PBXBuildFile; fileRef = 372DDFC82B0128F700FEC867 /* Notifications.swift */; };
		372DDFCF2B0128F700FEC867 /* Notifications.swift in Sources */ = {isa = PBXBuildFile; fileRef = 372DDFC82B0128F700FEC867 /* Notifications.swift */; };
		372DDFD02B0128F700FEC867 /* Model.swift in Sources */ = {isa = PBXBuildFile; fileRef = 372DDFC92B0128F700FEC867 /* Model.swift */; };
		372DDFD12B0128F700FEC867 /* Model.swift in Sources */ = {isa = PBXBuildFile; fileRef = 372DDFC92B0128F700FEC867 /* Model.swift */; };
		372DDFD22B0128F700FEC867 /* Model.xcdatamodeld in Sources */ = {isa = PBXBuildFile; fileRef = 372DDFCA2B0128F700FEC867 /* Model.xcdatamodeld */; };
		372DDFD32B0128F700FEC867 /* Model.xcdatamodeld in Sources */ = {isa = PBXBuildFile; fileRef = 372DDFCA2B0128F700FEC867 /* Model.xcdatamodeld */; };
		373E34FD2AF9E4A9008DE736 /* DDayApp.swift in Sources */ = {isa = PBXBuildFile; fileRef = 373E34FC2AF9E4A9008DE736 /* DDayApp.swift */; };
		373E34FF2AF9E4A9008DE736 /* ContentView.swift in Sources */ = {isa = PBXBuildFile; fileRef = 373E34FE2AF9E4A9008DE736 /* ContentView.swift */; };
		373E35012AF9E4A9008DE736 /* Item.swift in Sources */ = {isa = PBXBuildFile; fileRef = 373E35002AF9E4A9008DE736 /* Item.swift */; };
		373E35032AF9E4AA008DE736 /* Assets.xcassets in Resources */ = {isa = PBXBuildFile; fileRef = 373E35022AF9E4AA008DE736 /* Assets.xcassets */; };
		373E35062AF9E4AA008DE736 /* Preview Assets.xcassets in Resources */ = {isa = PBXBuildFile; fileRef = 373E35052AF9E4AA008DE736 /* Preview Assets.xcassets */; };
		373E35102AF9E4AA008DE736 /* DDayTests.swift in Sources */ = {isa = PBXBuildFile; fileRef = 373E350F2AF9E4AA008DE736 /* DDayTests.swift */; };
		373E351A2AF9E4AA008DE736 /* DDayUITests.swift in Sources */ = {isa = PBXBuildFile; fileRef = 373E35192AF9E4AA008DE736 /* DDayUITests.swift */; };
		373E351C2AF9E4AA008DE736 /* DDayUITestsLaunchTests.swift in Sources */ = {isa = PBXBuildFile; fileRef = 373E351B2AF9E4AA008DE736 /* DDayUITestsLaunchTests.swift */; };
		373E352E2AF9E4EE008DE736 /* MyPageView.swift in Sources */ = {isa = PBXBuildFile; fileRef = 373E35282AF9E4EE008DE736 /* MyPageView.swift */; };
		373E352F2AF9E4EE008DE736 /* HomeDiaryEditorView.swift in Sources */ = {isa = PBXBuildFile; fileRef = 373E352A2AF9E4EE008DE736 /* HomeDiaryEditorView.swift */; };
		373E35302AF9E4EE008DE736 /* HomeCalendarView.swift in Sources */ = {isa = PBXBuildFile; fileRef = 373E352B2AF9E4EE008DE736 /* HomeCalendarView.swift */; };
		373E35312AF9E4EE008DE736 /* HomePageView.swift in Sources */ = {isa = PBXBuildFile; fileRef = 373E352C2AF9E4EE008DE736 /* HomePageView.swift */; };
		373E35322AF9E4EE008DE736 /* HealthPageView.swift in Sources */ = {isa = PBXBuildFile; fileRef = 373E352D2AF9E4EE008DE736 /* HealthPageView.swift */; };
		373E35362AFA16C1008DE736 /* AboutPageView.swift in Sources */ = {isa = PBXBuildFile; fileRef = 373E35352AFA16C1008DE736 /* AboutPageView.swift */; };
		373E35382AFA1895008DE736 /* MyProfilePageView.swift in Sources */ = {isa = PBXBuildFile; fileRef = 373E35372AFA1895008DE736 /* MyProfilePageView.swift */; };
		37589D482B4D9A2400764E2B /* BotPageView.swift in Sources */ = {isa = PBXBuildFile; fileRef = 37589D472B4D9A2400764E2B /* BotPageView.swift */; };
		37C7D4162B0E5B9E00C98C76 /* WidgetKit.framework in Frameworks */ = {isa = PBXBuildFile; fileRef = 37C7D4152B0E5B9E00C98C76 /* WidgetKit.framework */; };
		37C7D4182B0E5B9E00C98C76 /* SwiftUI.framework in Frameworks */ = {isa = PBXBuildFile; fileRef = 37C7D4172B0E5B9E00C98C76 /* SwiftUI.framework */; };
		37C7D4642B0E5D4C00C98C76 /* WidgetKit.framework in Frameworks */ = {isa = PBXBuildFile; fileRef = 37C7D4152B0E5B9E00C98C76 /* WidgetKit.framework */; };
		37C7D4652B0E5D4C00C98C76 /* SwiftUI.framework in Frameworks */ = {isa = PBXBuildFile; fileRef = 37C7D4172B0E5B9E00C98C76 /* SwiftUI.framework */; };
		37C7D4682B0E5D4C00C98C76 /* DDayDietWidgetBundle.swift in Sources */ = {isa = PBXBuildFile; fileRef = 37C7D4672B0E5D4C00C98C76 /* DDayDietWidgetBundle.swift */; };
		37C7D46A2B0E5D4C00C98C76 /* DDayDietWidgetLiveActivity.swift in Sources */ = {isa = PBXBuildFile; fileRef = 37C7D4692B0E5D4C00C98C76 /* DDayDietWidgetLiveActivity.swift */; };
		37C7D46C2B0E5D4C00C98C76 /* DDayDietWidget.swift in Sources */ = {isa = PBXBuildFile; fileRef = 37C7D46B2B0E5D4C00C98C76 /* DDayDietWidget.swift */; };
		37C7D46E2B0E5D4C00C98C76 /* AppIntent.swift in Sources */ = {isa = PBXBuildFile; fileRef = 37C7D46D2B0E5D4C00C98C76 /* AppIntent.swift */; };
		37C7D4702B0E5D4D00C98C76 /* Assets.xcassets in Resources */ = {isa = PBXBuildFile; fileRef = 37C7D46F2B0E5D4D00C98C76 /* Assets.xcassets */; };
		37C7D4742B0E5D4D00C98C76 /* DDayDietWidgetExtension.appex in Embed Foundation Extensions */ = {isa = PBXBuildFile; fileRef = 37C7D4632B0E5D4C00C98C76 /* DDayDietWidgetExtension.appex */; settings = {ATTRIBUTES = (RemoveHeadersOnCopy, ); }; };
		37D06C202AFD3AC200615FF8 /* HealthHistoriesPageView.swift in Sources */ = {isa = PBXBuildFile; fileRef = 37D06C1F2AFD3AC200615FF8 /* HealthHistoriesPageView.swift */; };
/* End PBXBuildFile section */

/* Begin PBXContainerItemProxy section */
		372DDF882B00ED2700FEC867 /* PBXContainerItemProxy */ = {
			isa = PBXContainerItemProxy;
			containerPortal = 373E34F12AF9E4A9008DE736 /* Project object */;
			proxyType = 1;
			remoteGlobalIDString = 372DDF772B00ED2500FEC867;
			remoteInfo = "watchDDay Watch App";
		};
		372DDF922B00ED2700FEC867 /* PBXContainerItemProxy */ = {
			isa = PBXContainerItemProxy;
			containerPortal = 373E34F12AF9E4A9008DE736 /* Project object */;
			proxyType = 1;
			remoteGlobalIDString = 372DDF772B00ED2500FEC867;
			remoteInfo = "watchDDay Watch App";
		};
		372DDF992B00ED2700FEC867 /* PBXContainerItemProxy */ = {
			isa = PBXContainerItemProxy;
			containerPortal = 373E34F12AF9E4A9008DE736 /* Project object */;
			proxyType = 1;
			remoteGlobalIDString = 372DDF772B00ED2500FEC867;
			remoteInfo = "watchDDay Watch App";
		};
		373E350C2AF9E4AA008DE736 /* PBXContainerItemProxy */ = {
			isa = PBXContainerItemProxy;
			containerPortal = 373E34F12AF9E4A9008DE736 /* Project object */;
			proxyType = 1;
			remoteGlobalIDString = 373E34F82AF9E4A9008DE736;
			remoteInfo = DDay;
		};
		373E35162AF9E4AA008DE736 /* PBXContainerItemProxy */ = {
			isa = PBXContainerItemProxy;
			containerPortal = 373E34F12AF9E4A9008DE736 /* Project object */;
			proxyType = 1;
			remoteGlobalIDString = 373E34F82AF9E4A9008DE736;
			remoteInfo = DDay;
		};
		37C7D4722B0E5D4D00C98C76 /* PBXContainerItemProxy */ = {
			isa = PBXContainerItemProxy;
			containerPortal = 373E34F12AF9E4A9008DE736 /* Project object */;
			proxyType = 1;
			remoteGlobalIDString = 37C7D4622B0E5D4C00C98C76;
			remoteInfo = DDayDietWidgetExtension;
		};
/* End PBXContainerItemProxy section */

/* Begin PBXCopyFilesBuildPhase section */
		372DDF9C2B00ED2700FEC867 /* Embed Watch Content */ = {
			isa = PBXCopyFilesBuildPhase;
			buildActionMask = 2147483647;
			dstPath = "$(CONTENTS_FOLDER_PATH)/Watch";
			dstSubfolderSpec = 16;
			files = (
				372DDF9B2B00ED2700FEC867 /* watchDDay Watch App.app in Embed Watch Content */,
			);
			name = "Embed Watch Content";
			runOnlyForDeploymentPostprocessing = 0;
		};
		37C7D4752B0E5D4D00C98C76 /* Embed Foundation Extensions */ = {
			isa = PBXCopyFilesBuildPhase;
			buildActionMask = 2147483647;
			dstPath = "";
			dstSubfolderSpec = 13;
			files = (
				37C7D4742B0E5D4D00C98C76 /* DDayDietWidgetExtension.appex in Embed Foundation Extensions */,
			);
			name = "Embed Foundation Extensions";
			runOnlyForDeploymentPostprocessing = 0;
		};
/* End PBXCopyFilesBuildPhase section */

/* Begin PBXFileReference section */
		372DDF782B00ED2500FEC867 /* watchDDay Watch App.app */ = {isa = PBXFileReference; explicitFileType = wrapper.application; includeInIndex = 0; path = "watchDDay Watch App.app"; sourceTree = BUILT_PRODUCTS_DIR; };
		372DDF7A2B00ED2500FEC867 /* watchDDayApp.swift */ = {isa = PBXFileReference; lastKnownFileType = sourcecode.swift; path = watchDDayApp.swift; sourceTree = "<group>"; };
		372DDF7C2B00ED2500FEC867 /* ContentView.swift */ = {isa = PBXFileReference; lastKnownFileType = sourcecode.swift; path = ContentView.swift; sourceTree = "<group>"; };
		372DDF7E2B00ED2600FEC867 /* Assets.xcassets */ = {isa = PBXFileReference; lastKnownFileType = folder.assetcatalog; path = Assets.xcassets; sourceTree = "<group>"; };
		372DDF812B00ED2600FEC867 /* Preview Assets.xcassets */ = {isa = PBXFileReference; lastKnownFileType = folder.assetcatalog; path = "Preview Assets.xcassets"; sourceTree = "<group>"; };
		372DDF872B00ED2700FEC867 /* watchDDay Watch AppTests.xctest */ = {isa = PBXFileReference; explicitFileType = wrapper.cfbundle; includeInIndex = 0; path = "watchDDay Watch AppTests.xctest"; sourceTree = BUILT_PRODUCTS_DIR; };
		372DDF8B2B00ED2700FEC867 /* watchDDay_Watch_AppTests.swift */ = {isa = PBXFileReference; lastKnownFileType = sourcecode.swift; path = watchDDay_Watch_AppTests.swift; sourceTree = "<group>"; };
		372DDF912B00ED2700FEC867 /* watchDDay Watch AppUITests.xctest */ = {isa = PBXFileReference; explicitFileType = wrapper.cfbundle; includeInIndex = 0; path = "watchDDay Watch AppUITests.xctest"; sourceTree = BUILT_PRODUCTS_DIR; };
		372DDF952B00ED2700FEC867 /* watchDDay_Watch_AppUITests.swift */ = {isa = PBXFileReference; lastKnownFileType = sourcecode.swift; path = watchDDay_Watch_AppUITests.swift; sourceTree = "<group>"; };
		372DDF972B00ED2700FEC867 /* watchDDay_Watch_AppUITestsLaunchTests.swift */ = {isa = PBXFileReference; lastKnownFileType = sourcecode.swift; path = watchDDay_Watch_AppUITestsLaunchTests.swift; sourceTree = "<group>"; };
		372DDFC72B0128F700FEC867 /* Data.swift */ = {isa = PBXFileReference; fileEncoding = 4; lastKnownFileType = sourcecode.swift; path = Data.swift; sourceTree = "<group>"; };
		372DDFC82B0128F700FEC867 /* Notifications.swift */ = {isa = PBXFileReference; fileEncoding = 4; lastKnownFileType = sourcecode.swift; path = Notifications.swift; sourceTree = "<group>"; };
		372DDFC92B0128F700FEC867 /* Model.swift */ = {isa = PBXFileReference; fileEncoding = 4; lastKnownFileType = sourcecode.swift; path = Model.swift; sourceTree = "<group>"; };
		372DDFCB2B0128F700FEC867 /* Model.xcdatamodel */ = {isa = PBXFileReference; lastKnownFileType = wrapper.xcdatamodel; path = Model.xcdatamodel; sourceTree = "<group>"; };
		373E34F92AF9E4A9008DE736 /* DDay.app */ = {isa = PBXFileReference; explicitFileType = wrapper.application; includeInIndex = 0; path = DDay.app; sourceTree = BUILT_PRODUCTS_DIR; };
		373E34FC2AF9E4A9008DE736 /* DDayApp.swift */ = {isa = PBXFileReference; lastKnownFileType = sourcecode.swift; path = DDayApp.swift; sourceTree = "<group>"; };
		373E34FE2AF9E4A9008DE736 /* ContentView.swift */ = {isa = PBXFileReference; lastKnownFileType = sourcecode.swift; path = ContentView.swift; sourceTree = "<group>"; };
		373E35002AF9E4A9008DE736 /* Item.swift */ = {isa = PBXFileReference; lastKnownFileType = sourcecode.swift; path = Item.swift; sourceTree = "<group>"; };
		373E35022AF9E4AA008DE736 /* Assets.xcassets */ = {isa = PBXFileReference; lastKnownFileType = folder.assetcatalog; path = Assets.xcassets; sourceTree = "<group>"; };
		373E35052AF9E4AA008DE736 /* Preview Assets.xcassets */ = {isa = PBXFileReference; lastKnownFileType = folder.assetcatalog; path = "Preview Assets.xcassets"; sourceTree = "<group>"; };
		373E350B2AF9E4AA008DE736 /* DDayTests.xctest */ = {isa = PBXFileReference; explicitFileType = wrapper.cfbundle; includeInIndex = 0; path = DDayTests.xctest; sourceTree = BUILT_PRODUCTS_DIR; };
		373E350F2AF9E4AA008DE736 /* DDayTests.swift */ = {isa = PBXFileReference; lastKnownFileType = sourcecode.swift; path = DDayTests.swift; sourceTree = "<group>"; };
		373E35152AF9E4AA008DE736 /* DDayUITests.xctest */ = {isa = PBXFileReference; explicitFileType = wrapper.cfbundle; includeInIndex = 0; path = DDayUITests.xctest; sourceTree = BUILT_PRODUCTS_DIR; };
		373E35192AF9E4AA008DE736 /* DDayUITests.swift */ = {isa = PBXFileReference; lastKnownFileType = sourcecode.swift; path = DDayUITests.swift; sourceTree = "<group>"; };
		373E351B2AF9E4AA008DE736 /* DDayUITestsLaunchTests.swift */ = {isa = PBXFileReference; lastKnownFileType = sourcecode.swift; path = DDayUITestsLaunchTests.swift; sourceTree = "<group>"; };
		373E35282AF9E4EE008DE736 /* MyPageView.swift */ = {isa = PBXFileReference; fileEncoding = 4; lastKnownFileType = sourcecode.swift; path = MyPageView.swift; sourceTree = "<group>"; };
		373E352A2AF9E4EE008DE736 /* HomeDiaryEditorView.swift */ = {isa = PBXFileReference; fileEncoding = 4; lastKnownFileType = sourcecode.swift; path = HomeDiaryEditorView.swift; sourceTree = "<group>"; };
		373E352B2AF9E4EE008DE736 /* HomeCalendarView.swift */ = {isa = PBXFileReference; fileEncoding = 4; lastKnownFileType = sourcecode.swift; path = HomeCalendarView.swift; sourceTree = "<group>"; };
		373E352C2AF9E4EE008DE736 /* HomePageView.swift */ = {isa = PBXFileReference; fileEncoding = 4; lastKnownFileType = sourcecode.swift; path = HomePageView.swift; sourceTree = "<group>"; };
		373E352D2AF9E4EE008DE736 /* HealthPageView.swift */ = {isa = PBXFileReference; fileEncoding = 4; lastKnownFileType = sourcecode.swift; path = HealthPageView.swift; sourceTree = "<group>"; };
		373E35352AFA16C1008DE736 /* AboutPageView.swift */ = {isa = PBXFileReference; lastKnownFileType = sourcecode.swift; path = AboutPageView.swift; sourceTree = "<group>"; };
		373E35372AFA1895008DE736 /* MyProfilePageView.swift */ = {isa = PBXFileReference; lastKnownFileType = sourcecode.swift; path = MyProfilePageView.swift; sourceTree = "<group>"; };
		37589D472B4D9A2400764E2B /* BotPageView.swift */ = {isa = PBXFileReference; lastKnownFileType = sourcecode.swift; path = BotPageView.swift; sourceTree = "<group>"; };
		37C7D4132B0E5B9E00C98C76 /* DDayDietWidgetExtension.appex */ = {isa = PBXFileReference; explicitFileType = "wrapper.app-extension"; includeInIndex = 0; path = DDayDietWidgetExtension.appex; sourceTree = BUILT_PRODUCTS_DIR; };
		37C7D4152B0E5B9E00C98C76 /* WidgetKit.framework */ = {isa = PBXFileReference; lastKnownFileType = wrapper.framework; name = WidgetKit.framework; path = System/Library/Frameworks/WidgetKit.framework; sourceTree = SDKROOT; };
		37C7D4172B0E5B9E00C98C76 /* SwiftUI.framework */ = {isa = PBXFileReference; lastKnownFileType = wrapper.framework; name = SwiftUI.framework; path = System/Library/Frameworks/SwiftUI.framework; sourceTree = SDKROOT; };
		37C7D4632B0E5D4C00C98C76 /* DDayDietWidgetExtension.appex */ = {isa = PBXFileReference; explicitFileType = "wrapper.app-extension"; includeInIndex = 0; path = DDayDietWidgetExtension.appex; sourceTree = BUILT_PRODUCTS_DIR; };
		37C7D4672B0E5D4C00C98C76 /* DDayDietWidgetBundle.swift */ = {isa = PBXFileReference; lastKnownFileType = sourcecode.swift; path = DDayDietWidgetBundle.swift; sourceTree = "<group>"; };
		37C7D4692B0E5D4C00C98C76 /* DDayDietWidgetLiveActivity.swift */ = {isa = PBXFileReference; lastKnownFileType = sourcecode.swift; path = DDayDietWidgetLiveActivity.swift; sourceTree = "<group>"; };
		37C7D46B2B0E5D4C00C98C76 /* DDayDietWidget.swift */ = {isa = PBXFileReference; lastKnownFileType = sourcecode.swift; path = DDayDietWidget.swift; sourceTree = "<group>"; };
		37C7D46D2B0E5D4C00C98C76 /* AppIntent.swift */ = {isa = PBXFileReference; lastKnownFileType = sourcecode.swift; path = AppIntent.swift; sourceTree = "<group>"; };
		37C7D46F2B0E5D4D00C98C76 /* Assets.xcassets */ = {isa = PBXFileReference; lastKnownFileType = folder.assetcatalog; path = Assets.xcassets; sourceTree = "<group>"; };
		37C7D4712B0E5D4D00C98C76 /* Info.plist */ = {isa = PBXFileReference; lastKnownFileType = text.plist.xml; path = Info.plist; sourceTree = "<group>"; };
		37D06C1F2AFD3AC200615FF8 /* HealthHistoriesPageView.swift */ = {isa = PBXFileReference; lastKnownFileType = sourcecode.swift; path = HealthHistoriesPageView.swift; sourceTree = "<group>"; };
		37D06C232AFD5C8D00615FF8 /* Info.plist */ = {isa = PBXFileReference; lastKnownFileType = text.plist; path = Info.plist; sourceTree = "<group>"; };
/* End PBXFileReference section */

/* Begin PBXFrameworksBuildPhase section */
		372DDF752B00ED2500FEC867 /* Frameworks */ = {
			isa = PBXFrameworksBuildPhase;
			buildActionMask = 2147483647;
			files = (
			);
			runOnlyForDeploymentPostprocessing = 0;
		};
		372DDF842B00ED2700FEC867 /* Frameworks */ = {
			isa = PBXFrameworksBuildPhase;
			buildActionMask = 2147483647;
			files = (
			);
			runOnlyForDeploymentPostprocessing = 0;
		};
		372DDF8E2B00ED2700FEC867 /* Frameworks */ = {
			isa = PBXFrameworksBuildPhase;
			buildActionMask = 2147483647;
			files = (
			);
			runOnlyForDeploymentPostprocessing = 0;
		};
		373E34F62AF9E4A9008DE736 /* Frameworks */ = {
			isa = PBXFrameworksBuildPhase;
			buildActionMask = 2147483647;
			files = (
			);
			runOnlyForDeploymentPostprocessing = 0;
		};
		373E35082AF9E4AA008DE736 /* Frameworks */ = {
			isa = PBXFrameworksBuildPhase;
			buildActionMask = 2147483647;
			files = (
			);
			runOnlyForDeploymentPostprocessing = 0;
		};
		373E35122AF9E4AA008DE736 /* Frameworks */ = {
			isa = PBXFrameworksBuildPhase;
			buildActionMask = 2147483647;
			files = (
			);
			runOnlyForDeploymentPostprocessing = 0;
		};
		37C7D4102B0E5B9E00C98C76 /* Frameworks */ = {
			isa = PBXFrameworksBuildPhase;
			buildActionMask = 2147483647;
			files = (
				37C7D4182B0E5B9E00C98C76 /* SwiftUI.framework in Frameworks */,
				37C7D4162B0E5B9E00C98C76 /* WidgetKit.framework in Frameworks */,
			);
			runOnlyForDeploymentPostprocessing = 0;
		};
		37C7D4602B0E5D4C00C98C76 /* Frameworks */ = {
			isa = PBXFrameworksBuildPhase;
			buildActionMask = 2147483647;
			files = (
				37C7D4652B0E5D4C00C98C76 /* SwiftUI.framework in Frameworks */,
				37C7D4642B0E5D4C00C98C76 /* WidgetKit.framework in Frameworks */,
			);
			runOnlyForDeploymentPostprocessing = 0;
		};
/* End PBXFrameworksBuildPhase section */

/* Begin PBXGroup section */
		372DDF792B00ED2500FEC867 /* watchDDay Watch App */ = {
			isa = PBXGroup;
			children = (
				372DDFB32B01206A00FEC867 /* Diet */,
				372DDF7A2B00ED2500FEC867 /* watchDDayApp.swift */,
				372DDF7C2B00ED2500FEC867 /* ContentView.swift */,
				372DDF7E2B00ED2600FEC867 /* Assets.xcassets */,
				372DDF802B00ED2600FEC867 /* Preview Content */,
			);
			path = "watchDDay Watch App";
			sourceTree = "<group>";
		};
		372DDF802B00ED2600FEC867 /* Preview Content */ = {
			isa = PBXGroup;
			children = (
				372DDF812B00ED2600FEC867 /* Preview Assets.xcassets */,
			);
			path = "Preview Content";
			sourceTree = "<group>";
		};
		372DDF8A2B00ED2700FEC867 /* watchDDay Watch AppTests */ = {
			isa = PBXGroup;
			children = (
				372DDF8B2B00ED2700FEC867 /* watchDDay_Watch_AppTests.swift */,
			);
			path = "watchDDay Watch AppTests";
			sourceTree = "<group>";
		};
		372DDF942B00ED2700FEC867 /* watchDDay Watch AppUITests */ = {
			isa = PBXGroup;
			children = (
				372DDF952B00ED2700FEC867 /* watchDDay_Watch_AppUITests.swift */,
				372DDF972B00ED2700FEC867 /* watchDDay_Watch_AppUITestsLaunchTests.swift */,
			);
			path = "watchDDay Watch AppUITests";
			sourceTree = "<group>";
		};
		372DDFB32B01206A00FEC867 /* Diet */ = {
			isa = PBXGroup;
			children = (
			);
			path = Diet;
			sourceTree = "<group>";
		};
		372DDFC52B0128F700FEC867 /* Shared */ = {
			isa = PBXGroup;
			children = (
				372DDFC62B0128F700FEC867 /* Tools */,
				372DDFC92B0128F700FEC867 /* Model.swift */,
				372DDFCA2B0128F700FEC867 /* Model.xcdatamodeld */,
			);
			path = Shared;
			sourceTree = "<group>";
		};
		372DDFC62B0128F700FEC867 /* Tools */ = {
			isa = PBXGroup;
			children = (
				372DDFC72B0128F700FEC867 /* Data.swift */,
				372DDFC82B0128F700FEC867 /* Notifications.swift */,
			);
			path = Tools;
			sourceTree = "<group>";
		};
		373E34F02AF9E4A9008DE736 = {
			isa = PBXGroup;
			children = (
				372DDFC52B0128F700FEC867 /* Shared */,
				373E34FB2AF9E4A9008DE736 /* DDay */,
				373E350E2AF9E4AA008DE736 /* DDayTests */,
				373E35182AF9E4AA008DE736 /* DDayUITests */,
				372DDF792B00ED2500FEC867 /* watchDDay Watch App */,
				372DDF8A2B00ED2700FEC867 /* watchDDay Watch AppTests */,
				372DDF942B00ED2700FEC867 /* watchDDay Watch AppUITests */,
				37C7D4662B0E5D4C00C98C76 /* DDayDietWidget */,
				37C7D4142B0E5B9E00C98C76 /* Frameworks */,
				373E34FA2AF9E4A9008DE736 /* Products */,
			);
			sourceTree = "<group>";
		};
		373E34FA2AF9E4A9008DE736 /* Products */ = {
			isa = PBXGroup;
			children = (
				373E34F92AF9E4A9008DE736 /* DDay.app */,
				373E350B2AF9E4AA008DE736 /* DDayTests.xctest */,
				373E35152AF9E4AA008DE736 /* DDayUITests.xctest */,
				372DDF782B00ED2500FEC867 /* watchDDay Watch App.app */,
				372DDF872B00ED2700FEC867 /* watchDDay Watch AppTests.xctest */,
				372DDF912B00ED2700FEC867 /* watchDDay Watch AppUITests.xctest */,
				37C7D4132B0E5B9E00C98C76 /* DDayDietWidgetExtension.appex */,
				37C7D4632B0E5D4C00C98C76 /* DDayDietWidgetExtension.appex */,
			);
			name = Products;
			sourceTree = "<group>";
		};
		373E34FB2AF9E4A9008DE736 /* DDay */ = {
			isa = PBXGroup;
			children = (
				37589D462B4D9A0400764E2B /* Bot */,
				37D06C232AFD5C8D00615FF8 /* Info.plist */,
				373E35342AF9E5B5008DE736 /* Health */,
				373E35332AF9E59E008DE736 /* My */,
				373E35292AF9E4EE008DE736 /* Home */,
				373E34FC2AF9E4A9008DE736 /* DDayApp.swift */,
				373E34FE2AF9E4A9008DE736 /* ContentView.swift */,
				373E35002AF9E4A9008DE736 /* Item.swift */,
				373E35022AF9E4AA008DE736 /* Assets.xcassets */,
				373E35042AF9E4AA008DE736 /* Preview Content */,
			);
			path = DDay;
			sourceTree = "<group>";
		};
		373E35042AF9E4AA008DE736 /* Preview Content */ = {
			isa = PBXGroup;
			children = (
				373E35052AF9E4AA008DE736 /* Preview Assets.xcassets */,
			);
			path = "Preview Content";
			sourceTree = "<group>";
		};
		373E350E2AF9E4AA008DE736 /* DDayTests */ = {
			isa = PBXGroup;
			children = (
				373E350F2AF9E4AA008DE736 /* DDayTests.swift */,
			);
			path = DDayTests;
			sourceTree = "<group>";
		};
		373E35182AF9E4AA008DE736 /* DDayUITests */ = {
			isa = PBXGroup;
			children = (
				373E35192AF9E4AA008DE736 /* DDayUITests.swift */,
				373E351B2AF9E4AA008DE736 /* DDayUITestsLaunchTests.swift */,
			);
			path = DDayUITests;
			sourceTree = "<group>";
		};
		373E35292AF9E4EE008DE736 /* Home */ = {
			isa = PBXGroup;
			children = (
				373E352C2AF9E4EE008DE736 /* HomePageView.swift */,
				373E352A2AF9E4EE008DE736 /* HomeDiaryEditorView.swift */,
				373E352B2AF9E4EE008DE736 /* HomeCalendarView.swift */,
			);
			path = Home;
			sourceTree = "<group>";
		};
		373E35332AF9E59E008DE736 /* My */ = {
			isa = PBXGroup;
			children = (
				373E35282AF9E4EE008DE736 /* MyPageView.swift */,
				373E35352AFA16C1008DE736 /* AboutPageView.swift */,
				373E35372AFA1895008DE736 /* MyProfilePageView.swift */,
			);
			path = My;
			sourceTree = "<group>";
		};
		373E35342AF9E5B5008DE736 /* Health */ = {
			isa = PBXGroup;
			children = (
				373E352D2AF9E4EE008DE736 /* HealthPageView.swift */,
				37D06C1F2AFD3AC200615FF8 /* HealthHistoriesPageView.swift */,
			);
			path = Health;
			sourceTree = "<group>";
		};
		37589D462B4D9A0400764E2B /* Bot */ = {
			isa = PBXGroup;
			children = (
				37589D472B4D9A2400764E2B /* BotPageView.swift */,
			);
			path = Bot;
			sourceTree = "<group>";
		};
		37C7D4142B0E5B9E00C98C76 /* Frameworks */ = {
			isa = PBXGroup;
			children = (
				37C7D4152B0E5B9E00C98C76 /* WidgetKit.framework */,
				37C7D4172B0E5B9E00C98C76 /* SwiftUI.framework */,
			);
			name = Frameworks;
			sourceTree = "<group>";
		};
		37C7D4662B0E5D4C00C98C76 /* DDayDietWidget */ = {
			isa = PBXGroup;
			children = (
				37C7D4672B0E5D4C00C98C76 /* DDayDietWidgetBundle.swift */,
				37C7D4692B0E5D4C00C98C76 /* DDayDietWidgetLiveActivity.swift */,
				37C7D46B2B0E5D4C00C98C76 /* DDayDietWidget.swift */,
				37C7D46D2B0E5D4C00C98C76 /* AppIntent.swift */,
				37C7D46F2B0E5D4D00C98C76 /* Assets.xcassets */,
				37C7D4712B0E5D4D00C98C76 /* Info.plist */,
			);
			path = DDayDietWidget;
			sourceTree = "<group>";
		};
/* End PBXGroup section */

/* Begin PBXNativeTarget section */
		372DDF772B00ED2500FEC867 /* watchDDay Watch App */ = {
			isa = PBXNativeTarget;
			buildConfigurationList = 372DDFA32B00ED2700FEC867 /* Build configuration list for PBXNativeTarget "watchDDay Watch App" */;
			buildPhases = (
				372DDF742B00ED2500FEC867 /* Sources */,
				372DDF752B00ED2500FEC867 /* Frameworks */,
				372DDF762B00ED2500FEC867 /* Resources */,
			);
			buildRules = (
			);
			dependencies = (
			);
			name = "watchDDay Watch App";
			productName = "watchDDay Watch App";
			productReference = 372DDF782B00ED2500FEC867 /* watchDDay Watch App.app */;
			productType = "com.apple.product-type.application";
		};
		372DDF862B00ED2700FEC867 /* watchDDay Watch AppTests */ = {
			isa = PBXNativeTarget;
			buildConfigurationList = 372DDFA42B00ED2700FEC867 /* Build configuration list for PBXNativeTarget "watchDDay Watch AppTests" */;
			buildPhases = (
				372DDF832B00ED2700FEC867 /* Sources */,
				372DDF842B00ED2700FEC867 /* Frameworks */,
				372DDF852B00ED2700FEC867 /* Resources */,
			);
			buildRules = (
			);
			dependencies = (
				372DDF892B00ED2700FEC867 /* PBXTargetDependency */,
			);
			name = "watchDDay Watch AppTests";
			productName = "watchDDay Watch AppTests";
			productReference = 372DDF872B00ED2700FEC867 /* watchDDay Watch AppTests.xctest */;
			productType = "com.apple.product-type.bundle.unit-test";
		};
		372DDF902B00ED2700FEC867 /* watchDDay Watch AppUITests */ = {
			isa = PBXNativeTarget;
			buildConfigurationList = 372DDFA52B00ED2700FEC867 /* Build configuration list for PBXNativeTarget "watchDDay Watch AppUITests" */;
			buildPhases = (
				372DDF8D2B00ED2700FEC867 /* Sources */,
				372DDF8E2B00ED2700FEC867 /* Frameworks */,
				372DDF8F2B00ED2700FEC867 /* Resources */,
			);
			buildRules = (
			);
			dependencies = (
				372DDF932B00ED2700FEC867 /* PBXTargetDependency */,
			);
			name = "watchDDay Watch AppUITests";
			productName = "watchDDay Watch AppUITests";
			productReference = 372DDF912B00ED2700FEC867 /* watchDDay Watch AppUITests.xctest */;
			productType = "com.apple.product-type.bundle.ui-testing";
		};
		373E34F82AF9E4A9008DE736 /* DDay */ = {
			isa = PBXNativeTarget;
			buildConfigurationList = 373E351F2AF9E4AA008DE736 /* Build configuration list for PBXNativeTarget "DDay" */;
			buildPhases = (
				373E34F52AF9E4A9008DE736 /* Sources */,
				373E34F62AF9E4A9008DE736 /* Frameworks */,
				373E34F72AF9E4A9008DE736 /* Resources */,
				372DDF9C2B00ED2700FEC867 /* Embed Watch Content */,
				37C7D4752B0E5D4D00C98C76 /* Embed Foundation Extensions */,
			);
			buildRules = (
			);
			dependencies = (
				372DDF9A2B00ED2700FEC867 /* PBXTargetDependency */,
				37C7D4732B0E5D4D00C98C76 /* PBXTargetDependency */,
			);
			name = DDay;
			productName = DDay;
			productReference = 373E34F92AF9E4A9008DE736 /* DDay.app */;
			productType = "com.apple.product-type.application";
		};
		373E350A2AF9E4AA008DE736 /* DDayTests */ = {
			isa = PBXNativeTarget;
			buildConfigurationList = 373E35222AF9E4AA008DE736 /* Build configuration list for PBXNativeTarget "DDayTests" */;
			buildPhases = (
				373E35072AF9E4AA008DE736 /* Sources */,
				373E35082AF9E4AA008DE736 /* Frameworks */,
				373E35092AF9E4AA008DE736 /* Resources */,
			);
			buildRules = (
			);
			dependencies = (
				373E350D2AF9E4AA008DE736 /* PBXTargetDependency */,
			);
			name = DDayTests;
			productName = DDayTests;
			productReference = 373E350B2AF9E4AA008DE736 /* DDayTests.xctest */;
			productType = "com.apple.product-type.bundle.unit-test";
		};
		373E35142AF9E4AA008DE736 /* DDayUITests */ = {
			isa = PBXNativeTarget;
			buildConfigurationList = 373E35252AF9E4AA008DE736 /* Build configuration list for PBXNativeTarget "DDayUITests" */;
			buildPhases = (
				373E35112AF9E4AA008DE736 /* Sources */,
				373E35122AF9E4AA008DE736 /* Frameworks */,
				373E35132AF9E4AA008DE736 /* Resources */,
			);
			buildRules = (
			);
			dependencies = (
				373E35172AF9E4AA008DE736 /* PBXTargetDependency */,
			);
			name = DDayUITests;
			productName = DDayUITests;
			productReference = 373E35152AF9E4AA008DE736 /* DDayUITests.xctest */;
			productType = "com.apple.product-type.bundle.ui-testing";
		};
		37C7D4122B0E5B9E00C98C76 /* DDayDietWidgetExtension */ = {
			isa = PBXNativeTarget;
			buildConfigurationList = 37C7D4232B0E5B9F00C98C76 /* Build configuration list for PBXNativeTarget "DDayDietWidgetExtension" */;
			buildPhases = (
				37C7D40F2B0E5B9E00C98C76 /* Sources */,
				37C7D4102B0E5B9E00C98C76 /* Frameworks */,
				37C7D4112B0E5B9E00C98C76 /* Resources */,
			);
			buildRules = (
			);
			dependencies = (
			);
			name = DDayDietWidgetExtension;
			productName = DDayDietWidgetExtension;
			productReference = 37C7D4132B0E5B9E00C98C76 /* DDayDietWidgetExtension.appex */;
			productType = "com.apple.product-type.app-extension";
		};
		37C7D4622B0E5D4C00C98C76 /* DDayDietWidgetExtension */ = {
			isa = PBXNativeTarget;
			buildConfigurationList = 37C7D4782B0E5D4D00C98C76 /* Build configuration list for PBXNativeTarget "DDayDietWidgetExtension" */;
			buildPhases = (
				37C7D45F2B0E5D4C00C98C76 /* Sources */,
				37C7D4602B0E5D4C00C98C76 /* Frameworks */,
				37C7D4612B0E5D4C00C98C76 /* Resources */,
			);
			buildRules = (
			);
			dependencies = (
			);
			name = DDayDietWidgetExtension;
			productName = DDayDietWidgetExtension;
			productReference = 37C7D4632B0E5D4C00C98C76 /* DDayDietWidgetExtension.appex */;
			productType = "com.apple.product-type.app-extension";
		};
/* End PBXNativeTarget section */

/* Begin PBXProject section */
		373E34F12AF9E4A9008DE736 /* Project object */ = {
			isa = PBXProject;
			attributes = {
				BuildIndependentTargetsInParallel = 1;
				LastSwiftUpdateCheck = 1500;
				LastUpgradeCheck = 1500;
				TargetAttributes = {
					372DDF772B00ED2500FEC867 = {
						CreatedOnToolsVersion = 15.0.1;
					};
					372DDF862B00ED2700FEC867 = {
						CreatedOnToolsVersion = 15.0.1;
						TestTargetID = 372DDF772B00ED2500FEC867;
					};
					372DDF902B00ED2700FEC867 = {
						CreatedOnToolsVersion = 15.0.1;
						TestTargetID = 372DDF772B00ED2500FEC867;
					};
					373E34F82AF9E4A9008DE736 = {
						CreatedOnToolsVersion = 15.0.1;
					};
					373E350A2AF9E4AA008DE736 = {
						CreatedOnToolsVersion = 15.0.1;
						TestTargetID = 373E34F82AF9E4A9008DE736;
					};
					373E35142AF9E4AA008DE736 = {
						CreatedOnToolsVersion = 15.0.1;
						TestTargetID = 373E34F82AF9E4A9008DE736;
					};
					37C7D4122B0E5B9E00C98C76 = {
						CreatedOnToolsVersion = 15.0.1;
					};
					37C7D4622B0E5D4C00C98C76 = {
						CreatedOnToolsVersion = 15.0.1;
					};
				};
			};
			buildConfigurationList = 373E34F42AF9E4A9008DE736 /* Build configuration list for PBXProject "DDay" */;
			compatibilityVersion = "Xcode 14.0";
			developmentRegion = en;
			hasScannedForEncodings = 0;
			knownRegions = (
				en,
				Base,
			);
			mainGroup = 373E34F02AF9E4A9008DE736;
			productRefGroup = 373E34FA2AF9E4A9008DE736 /* Products */;
			projectDirPath = "";
			projectRoot = "";
			targets = (
				373E34F82AF9E4A9008DE736 /* DDay */,
				373E350A2AF9E4AA008DE736 /* DDayTests */,
				373E35142AF9E4AA008DE736 /* DDayUITests */,
				372DDF772B00ED2500FEC867 /* watchDDay Watch App */,
				372DDF862B00ED2700FEC867 /* watchDDay Watch AppTests */,
				372DDF902B00ED2700FEC867 /* watchDDay Watch AppUITests */,
				37C7D4122B0E5B9E00C98C76 /* DDayDietWidgetExtension */,
				37C7D4622B0E5D4C00C98C76 /* DDayDietWidgetExtension */,
			);
		};
/* End PBXProject section */

/* Begin PBXResourcesBuildPhase section */
		372DDF762B00ED2500FEC867 /* Resources */ = {
			isa = PBXResourcesBuildPhase;
			buildActionMask = 2147483647;
			files = (
				372DDF822B00ED2600FEC867 /* Preview Assets.xcassets in Resources */,
				372DDF7F2B00ED2600FEC867 /* Assets.xcassets in Resources */,
			);
			runOnlyForDeploymentPostprocessing = 0;
		};
		372DDF852B00ED2700FEC867 /* Resources */ = {
			isa = PBXResourcesBuildPhase;
			buildActionMask = 2147483647;
			files = (
			);
			runOnlyForDeploymentPostprocessing = 0;
		};
		372DDF8F2B00ED2700FEC867 /* Resources */ = {
			isa = PBXResourcesBuildPhase;
			buildActionMask = 2147483647;
			files = (
			);
			runOnlyForDeploymentPostprocessing = 0;
		};
		373E34F72AF9E4A9008DE736 /* Resources */ = {
			isa = PBXResourcesBuildPhase;
			buildActionMask = 2147483647;
			files = (
				373E35062AF9E4AA008DE736 /* Preview Assets.xcassets in Resources */,
				373E35032AF9E4AA008DE736 /* Assets.xcassets in Resources */,
			);
			runOnlyForDeploymentPostprocessing = 0;
		};
		373E35092AF9E4AA008DE736 /* Resources */ = {
			isa = PBXResourcesBuildPhase;
			buildActionMask = 2147483647;
			files = (
			);
			runOnlyForDeploymentPostprocessing = 0;
		};
		373E35132AF9E4AA008DE736 /* Resources */ = {
			isa = PBXResourcesBuildPhase;
			buildActionMask = 2147483647;
			files = (
			);
			runOnlyForDeploymentPostprocessing = 0;
		};
		37C7D4112B0E5B9E00C98C76 /* Resources */ = {
			isa = PBXResourcesBuildPhase;
			buildActionMask = 2147483647;
			files = (
			);
			runOnlyForDeploymentPostprocessing = 0;
		};
		37C7D4612B0E5D4C00C98C76 /* Resources */ = {
			isa = PBXResourcesBuildPhase;
			buildActionMask = 2147483647;
			files = (
				37C7D4702B0E5D4D00C98C76 /* Assets.xcassets in Resources */,
			);
			runOnlyForDeploymentPostprocessing = 0;
		};
/* End PBXResourcesBuildPhase section */

/* Begin PBXSourcesBuildPhase section */
		372DDF742B00ED2500FEC867 /* Sources */ = {
			isa = PBXSourcesBuildPhase;
			buildActionMask = 2147483647;
			files = (
				372DDFD12B0128F700FEC867 /* Model.swift in Sources */,
				372DDFCF2B0128F700FEC867 /* Notifications.swift in Sources */,
				372DDF7D2B00ED2500FEC867 /* ContentView.swift in Sources */,
				372DDFCD2B0128F700FEC867 /* Data.swift in Sources */,
				372DDF7B2B00ED2500FEC867 /* watchDDayApp.swift in Sources */,
				372DDFD32B0128F700FEC867 /* Model.xcdatamodeld in Sources */,
			);
			runOnlyForDeploymentPostprocessing = 0;
		};
		372DDF832B00ED2700FEC867 /* Sources */ = {
			isa = PBXSourcesBuildPhase;
			buildActionMask = 2147483647;
			files = (
				372DDF8C2B00ED2700FEC867 /* watchDDay_Watch_AppTests.swift in Sources */,
			);
			runOnlyForDeploymentPostprocessing = 0;
		};
		372DDF8D2B00ED2700FEC867 /* Sources */ = {
			isa = PBXSourcesBuildPhase;
			buildActionMask = 2147483647;
			files = (
				372DDF982B00ED2700FEC867 /* watchDDay_Watch_AppUITestsLaunchTests.swift in Sources */,
				372DDF962B00ED2700FEC867 /* watchDDay_Watch_AppUITests.swift in Sources */,
			);
			runOnlyForDeploymentPostprocessing = 0;
		};
		373E34F52AF9E4A9008DE736 /* Sources */ = {
			isa = PBXSourcesBuildPhase;
			buildActionMask = 2147483647;
			files = (
				373E35382AFA1895008DE736 /* MyProfilePageView.swift in Sources */,
				373E34FF2AF9E4A9008DE736 /* ContentView.swift in Sources */,
				372DDFD22B0128F700FEC867 /* Model.xcdatamodeld in Sources */,
				373E352E2AF9E4EE008DE736 /* MyPageView.swift in Sources */,
				373E35362AFA16C1008DE736 /* AboutPageView.swift in Sources */,
				373E35012AF9E4A9008DE736 /* Item.swift in Sources */,
				372DDFCE2B0128F700FEC867 /* Notifications.swift in Sources */,
				373E352F2AF9E4EE008DE736 /* HomeDiaryEditorView.swift in Sources */,
				37589D482B4D9A2400764E2B /* BotPageView.swift in Sources */,
				372DDFD02B0128F700FEC867 /* Model.swift in Sources */,
				373E34FD2AF9E4A9008DE736 /* DDayApp.swift in Sources */,
				372DDFCC2B0128F700FEC867 /* Data.swift in Sources */,
				373E35322AF9E4EE008DE736 /* HealthPageView.swift in Sources */,
				373E35312AF9E4EE008DE736 /* HomePageView.swift in Sources */,
				373E35302AF9E4EE008DE736 /* HomeCalendarView.swift in Sources */,
				37D06C202AFD3AC200615FF8 /* HealthHistoriesPageView.swift in Sources */,
			);
			runOnlyForDeploymentPostprocessing = 0;
		};
		373E35072AF9E4AA008DE736 /* Sources */ = {
			isa = PBXSourcesBuildPhase;
			buildActionMask = 2147483647;
			files = (
				373E35102AF9E4AA008DE736 /* DDayTests.swift in Sources */,
			);
			runOnlyForDeploymentPostprocessing = 0;
		};
		373E35112AF9E4AA008DE736 /* Sources */ = {
			isa = PBXSourcesBuildPhase;
			buildActionMask = 2147483647;
			files = (
				373E351C2AF9E4AA008DE736 /* DDayUITestsLaunchTests.swift in Sources */,
				373E351A2AF9E4AA008DE736 /* DDayUITests.swift in Sources */,
			);
			runOnlyForDeploymentPostprocessing = 0;
		};
		37C7D40F2B0E5B9E00C98C76 /* Sources */ = {
			isa = PBXSourcesBuildPhase;
			buildActionMask = 2147483647;
			files = (
			);
			runOnlyForDeploymentPostprocessing = 0;
		};
		37C7D45F2B0E5D4C00C98C76 /* Sources */ = {
			isa = PBXSourcesBuildPhase;
			buildActionMask = 2147483647;
			files = (
				37C7D46A2B0E5D4C00C98C76 /* DDayDietWidgetLiveActivity.swift in Sources */,
				37C7D46E2B0E5D4C00C98C76 /* AppIntent.swift in Sources */,
				37C7D46C2B0E5D4C00C98C76 /* DDayDietWidget.swift in Sources */,
				37C7D4682B0E5D4C00C98C76 /* DDayDietWidgetBundle.swift in Sources */,
			);
			runOnlyForDeploymentPostprocessing = 0;
		};
/* End PBXSourcesBuildPhase section */

/* Begin PBXTargetDependency section */
		372DDF892B00ED2700FEC867 /* PBXTargetDependency */ = {
			isa = PBXTargetDependency;
			target = 372DDF772B00ED2500FEC867 /* watchDDay Watch App */;
			targetProxy = 372DDF882B00ED2700FEC867 /* PBXContainerItemProxy */;
		};
		372DDF932B00ED2700FEC867 /* PBXTargetDependency */ = {
			isa = PBXTargetDependency;
			target = 372DDF772B00ED2500FEC867 /* watchDDay Watch App */;
			targetProxy = 372DDF922B00ED2700FEC867 /* PBXContainerItemProxy */;
		};
		372DDF9A2B00ED2700FEC867 /* PBXTargetDependency */ = {
			isa = PBXTargetDependency;
			target = 372DDF772B00ED2500FEC867 /* watchDDay Watch App */;
			targetProxy = 372DDF992B00ED2700FEC867 /* PBXContainerItemProxy */;
		};
		373E350D2AF9E4AA008DE736 /* PBXTargetDependency */ = {
			isa = PBXTargetDependency;
			target = 373E34F82AF9E4A9008DE736 /* DDay */;
			targetProxy = 373E350C2AF9E4AA008DE736 /* PBXContainerItemProxy */;
		};
		373E35172AF9E4AA008DE736 /* PBXTargetDependency */ = {
			isa = PBXTargetDependency;
			target = 373E34F82AF9E4A9008DE736 /* DDay */;
			targetProxy = 373E35162AF9E4AA008DE736 /* PBXContainerItemProxy */;
		};
		37C7D4732B0E5D4D00C98C76 /* PBXTargetDependency */ = {
			isa = PBXTargetDependency;
			target = 37C7D4622B0E5D4C00C98C76 /* DDayDietWidgetExtension */;
			targetProxy = 37C7D4722B0E5D4D00C98C76 /* PBXContainerItemProxy */;
		};
/* End PBXTargetDependency section */

/* Begin XCBuildConfiguration section */
		372DDF9D2B00ED2700FEC867 /* Debug */ = {
			isa = XCBuildConfiguration;
			buildSettings = {
				ASSETCATALOG_COMPILER_APPICON_NAME = AppIcon;
				ASSETCATALOG_COMPILER_GLOBAL_ACCENT_COLOR_NAME = AccentColor;
				CODE_SIGN_STYLE = Automatic;
				CURRENT_PROJECT_VERSION = 1;
				DEVELOPMENT_ASSET_PATHS = "\"watchDDay Watch App/Preview Content\"";
				DEVELOPMENT_TEAM = BL9GFXKNZ9;
				ENABLE_PREVIEWS = YES;
				GENERATE_INFOPLIST_FILE = YES;
				INFOPLIST_KEY_CFBundleDisplayName = watchDDay;
				INFOPLIST_KEY_UISupportedInterfaceOrientations = "UIInterfaceOrientationPortrait UIInterfaceOrientationPortraitUpsideDown";
				INFOPLIST_KEY_WKCompanionAppBundleIdentifier = me.fennland.DDay;
				LD_RUNPATH_SEARCH_PATHS = (
					"$(inherited)",
					"@executable_path/Frameworks",
				);
				MARKETING_VERSION = 1.0;
				PRODUCT_BUNDLE_IDENTIFIER = me.fennland.DDay.watchkitapp;
				PRODUCT_NAME = "$(TARGET_NAME)";
				SDKROOT = watchos;
				SKIP_INSTALL = YES;
				SWIFT_EMIT_LOC_STRINGS = YES;
				SWIFT_VERSION = 5.0;
				TARGETED_DEVICE_FAMILY = 4;
				WATCHOS_DEPLOYMENT_TARGET = 10.0;
			};
			name = Debug;
		};
		372DDF9E2B00ED2700FEC867 /* Release */ = {
			isa = XCBuildConfiguration;
			buildSettings = {
				ASSETCATALOG_COMPILER_APPICON_NAME = AppIcon;
				ASSETCATALOG_COMPILER_GLOBAL_ACCENT_COLOR_NAME = AccentColor;
				CODE_SIGN_STYLE = Automatic;
				CURRENT_PROJECT_VERSION = 1;
				DEVELOPMENT_ASSET_PATHS = "\"watchDDay Watch App/Preview Content\"";
				DEVELOPMENT_TEAM = BL9GFXKNZ9;
				ENABLE_PREVIEWS = YES;
				GENERATE_INFOPLIST_FILE = YES;
				INFOPLIST_KEY_CFBundleDisplayName = watchDDay;
				INFOPLIST_KEY_UISupportedInterfaceOrientations = "UIInterfaceOrientationPortrait UIInterfaceOrientationPortraitUpsideDown";
				INFOPLIST_KEY_WKCompanionAppBundleIdentifier = me.fennland.DDay;
				LD_RUNPATH_SEARCH_PATHS = (
					"$(inherited)",
					"@executable_path/Frameworks",
				);
				MARKETING_VERSION = 1.0;
				PRODUCT_BUNDLE_IDENTIFIER = me.fennland.DDay.watchkitapp;
				PRODUCT_NAME = "$(TARGET_NAME)";
				SDKROOT = watchos;
				SKIP_INSTALL = YES;
				SWIFT_EMIT_LOC_STRINGS = YES;
				SWIFT_VERSION = 5.0;
				TARGETED_DEVICE_FAMILY = 4;
				WATCHOS_DEPLOYMENT_TARGET = 10.0;
			};
			name = Release;
		};
		372DDF9F2B00ED2700FEC867 /* Debug */ = {
			isa = XCBuildConfiguration;
			buildSettings = {
				ALWAYS_EMBED_SWIFT_STANDARD_LIBRARIES = YES;
				BUNDLE_LOADER = "$(TEST_HOST)";
				CODE_SIGN_STYLE = Automatic;
				CURRENT_PROJECT_VERSION = 1;
				DEVELOPMENT_TEAM = BL9GFXKNZ9;
				GENERATE_INFOPLIST_FILE = YES;
				MARKETING_VERSION = 1.0;
				PRODUCT_BUNDLE_IDENTIFIER = "me.fennland.watchDDay-Watch-AppTests";
				PRODUCT_NAME = "$(TARGET_NAME)";
				SDKROOT = watchos;
				SWIFT_EMIT_LOC_STRINGS = NO;
				SWIFT_VERSION = 5.0;
				TARGETED_DEVICE_FAMILY = 4;
				TEST_HOST = "$(BUILT_PRODUCTS_DIR)/watchDDay Watch App.app/$(BUNDLE_EXECUTABLE_FOLDER_PATH)/watchDDay Watch App";
				WATCHOS_DEPLOYMENT_TARGET = 10.0;
			};
			name = Debug;
		};
		372DDFA02B00ED2700FEC867 /* Release */ = {
			isa = XCBuildConfiguration;
			buildSettings = {
				ALWAYS_EMBED_SWIFT_STANDARD_LIBRARIES = YES;
				BUNDLE_LOADER = "$(TEST_HOST)";
				CODE_SIGN_STYLE = Automatic;
				CURRENT_PROJECT_VERSION = 1;
				DEVELOPMENT_TEAM = BL9GFXKNZ9;
				GENERATE_INFOPLIST_FILE = YES;
				MARKETING_VERSION = 1.0;
				PRODUCT_BUNDLE_IDENTIFIER = "me.fennland.watchDDay-Watch-AppTests";
				PRODUCT_NAME = "$(TARGET_NAME)";
				SDKROOT = watchos;
				SWIFT_EMIT_LOC_STRINGS = NO;
				SWIFT_VERSION = 5.0;
				TARGETED_DEVICE_FAMILY = 4;
				TEST_HOST = "$(BUILT_PRODUCTS_DIR)/watchDDay Watch App.app/$(BUNDLE_EXECUTABLE_FOLDER_PATH)/watchDDay Watch App";
				WATCHOS_DEPLOYMENT_TARGET = 10.0;
			};
			name = Release;
		};
		372DDFA12B00ED2700FEC867 /* Debug */ = {
			isa = XCBuildConfiguration;
			buildSettings = {
				ALWAYS_EMBED_SWIFT_STANDARD_LIBRARIES = YES;
				CODE_SIGN_STYLE = Automatic;
				CURRENT_PROJECT_VERSION = 1;
				DEVELOPMENT_TEAM = BL9GFXKNZ9;
				GENERATE_INFOPLIST_FILE = YES;
				MARKETING_VERSION = 1.0;
				PRODUCT_BUNDLE_IDENTIFIER = "me.fennland.watchDDay-Watch-AppUITests";
				PRODUCT_NAME = "$(TARGET_NAME)";
				SDKROOT = watchos;
				SWIFT_EMIT_LOC_STRINGS = NO;
				SWIFT_VERSION = 5.0;
				TARGETED_DEVICE_FAMILY = 4;
				TEST_TARGET_NAME = "watchDDay Watch App";
				WATCHOS_DEPLOYMENT_TARGET = 10.0;
			};
			name = Debug;
		};
		372DDFA22B00ED2700FEC867 /* Release */ = {
			isa = XCBuildConfiguration;
			buildSettings = {
				ALWAYS_EMBED_SWIFT_STANDARD_LIBRARIES = YES;
				CODE_SIGN_STYLE = Automatic;
				CURRENT_PROJECT_VERSION = 1;
				DEVELOPMENT_TEAM = BL9GFXKNZ9;
				GENERATE_INFOPLIST_FILE = YES;
				MARKETING_VERSION = 1.0;
				PRODUCT_BUNDLE_IDENTIFIER = "me.fennland.watchDDay-Watch-AppUITests";
				PRODUCT_NAME = "$(TARGET_NAME)";
				SDKROOT = watchos;
				SWIFT_EMIT_LOC_STRINGS = NO;
				SWIFT_VERSION = 5.0;
				TARGETED_DEVICE_FAMILY = 4;
				TEST_TARGET_NAME = "watchDDay Watch App";
				WATCHOS_DEPLOYMENT_TARGET = 10.0;
			};
			name = Release;
		};
		373E351D2AF9E4AA008DE736 /* Debug */ = {
			isa = XCBuildConfiguration;
			buildSettings = {
				ALWAYS_SEARCH_USER_PATHS = NO;
				ASSETCATALOG_COMPILER_GENERATE_SWIFT_ASSET_SYMBOL_EXTENSIONS = YES;
				CLANG_ANALYZER_NONNULL = YES;
				CLANG_ANALYZER_NUMBER_OBJECT_CONVERSION = YES_AGGRESSIVE;
				CLANG_CXX_LANGUAGE_STANDARD = "gnu++20";
				CLANG_ENABLE_MODULES = YES;
				CLANG_ENABLE_OBJC_ARC = YES;
				CLANG_ENABLE_OBJC_WEAK = YES;
				CLANG_WARN_BLOCK_CAPTURE_AUTORELEASING = YES;
				CLANG_WARN_BOOL_CONVERSION = YES;
				CLANG_WARN_COMMA = YES;
				CLANG_WARN_CONSTANT_CONVERSION = YES;
				CLANG_WARN_DEPRECATED_OBJC_IMPLEMENTATIONS = YES;
				CLANG_WARN_DIRECT_OBJC_ISA_USAGE = YES_ERROR;
				CLANG_WARN_DOCUMENTATION_COMMENTS = YES;
				CLANG_WARN_EMPTY_BODY = YES;
				CLANG_WARN_ENUM_CONVERSION = YES;
				CLANG_WARN_INFINITE_RECURSION = YES;
				CLANG_WARN_INT_CONVERSION = YES;
				CLANG_WARN_NON_LITERAL_NULL_CONVERSION = YES;
				CLANG_WARN_OBJC_IMPLICIT_RETAIN_SELF = YES;
				CLANG_WARN_OBJC_LITERAL_CONVERSION = YES;
				CLANG_WARN_OBJC_ROOT_CLASS = YES_ERROR;
				CLANG_WARN_QUOTED_INCLUDE_IN_FRAMEWORK_HEADER = YES;
				CLANG_WARN_RANGE_LOOP_ANALYSIS = YES;
				CLANG_WARN_STRICT_PROTOTYPES = YES;
				CLANG_WARN_SUSPICIOUS_MOVE = YES;
				CLANG_WARN_UNGUARDED_AVAILABILITY = YES_AGGRESSIVE;
				CLANG_WARN_UNREACHABLE_CODE = YES;
				CLANG_WARN__DUPLICATE_METHOD_MATCH = YES;
				COPY_PHASE_STRIP = NO;
				DEBUG_INFORMATION_FORMAT = dwarf;
				ENABLE_STRICT_OBJC_MSGSEND = YES;
				ENABLE_TESTABILITY = YES;
				ENABLE_USER_SCRIPT_SANDBOXING = YES;
				GCC_C_LANGUAGE_STANDARD = gnu17;
				GCC_DYNAMIC_NO_PIC = NO;
				GCC_NO_COMMON_BLOCKS = YES;
				GCC_OPTIMIZATION_LEVEL = 0;
				GCC_PREPROCESSOR_DEFINITIONS = (
					"DEBUG=1",
					"$(inherited)",
				);
				GCC_WARN_64_TO_32_BIT_CONVERSION = YES;
				GCC_WARN_ABOUT_RETURN_TYPE = YES_ERROR;
				GCC_WARN_UNDECLARED_SELECTOR = YES;
				GCC_WARN_UNINITIALIZED_AUTOS = YES_AGGRESSIVE;
				GCC_WARN_UNUSED_FUNCTION = YES;
				GCC_WARN_UNUSED_VARIABLE = YES;
				IPHONEOS_DEPLOYMENT_TARGET = 17.0;
				LOCALIZATION_PREFERS_STRING_CATALOGS = YES;
				MTL_ENABLE_DEBUG_INFO = INCLUDE_SOURCE;
				MTL_FAST_MATH = YES;
				ONLY_ACTIVE_ARCH = YES;
				SDKROOT = iphoneos;
				SWIFT_ACTIVE_COMPILATION_CONDITIONS = "DEBUG $(inherited)";
				SWIFT_OPTIMIZATION_LEVEL = "-Onone";
			};
			name = Debug;
		};
		373E351E2AF9E4AA008DE736 /* Release */ = {
			isa = XCBuildConfiguration;
			buildSettings = {
				ALWAYS_SEARCH_USER_PATHS = NO;
				ASSETCATALOG_COMPILER_GENERATE_SWIFT_ASSET_SYMBOL_EXTENSIONS = YES;
				CLANG_ANALYZER_NONNULL = YES;
				CLANG_ANALYZER_NUMBER_OBJECT_CONVERSION = YES_AGGRESSIVE;
				CLANG_CXX_LANGUAGE_STANDARD = "gnu++20";
				CLANG_ENABLE_MODULES = YES;
				CLANG_ENABLE_OBJC_ARC = YES;
				CLANG_ENABLE_OBJC_WEAK = YES;
				CLANG_WARN_BLOCK_CAPTURE_AUTORELEASING = YES;
				CLANG_WARN_BOOL_CONVERSION = YES;
				CLANG_WARN_COMMA = YES;
				CLANG_WARN_CONSTANT_CONVERSION = YES;
				CLANG_WARN_DEPRECATED_OBJC_IMPLEMENTATIONS = YES;
				CLANG_WARN_DIRECT_OBJC_ISA_USAGE = YES_ERROR;
				CLANG_WARN_DOCUMENTATION_COMMENTS = YES;
				CLANG_WARN_EMPTY_BODY = YES;
				CLANG_WARN_ENUM_CONVERSION = YES;
				CLANG_WARN_INFINITE_RECURSION = YES;
				CLANG_WARN_INT_CONVERSION = YES;
				CLANG_WARN_NON_LITERAL_NULL_CONVERSION = YES;
				CLANG_WARN_OBJC_IMPLICIT_RETAIN_SELF = YES;
				CLANG_WARN_OBJC_LITERAL_CONVERSION = YES;
				CLANG_WARN_OBJC_ROOT_CLASS = YES_ERROR;
				CLANG_WARN_QUOTED_INCLUDE_IN_FRAMEWORK_HEADER = YES;
				CLANG_WARN_RANGE_LOOP_ANALYSIS = YES;
				CLANG_WARN_STRICT_PROTOTYPES = YES;
				CLANG_WARN_SUSPICIOUS_MOVE = YES;
				CLANG_WARN_UNGUARDED_AVAILABILITY = YES_AGGRESSIVE;
				CLANG_WARN_UNREACHABLE_CODE = YES;
				CLANG_WARN__DUPLICATE_METHOD_MATCH = YES;
				COPY_PHASE_STRIP = NO;
				DEBUG_INFORMATION_FORMAT = "dwarf-with-dsym";
				ENABLE_NS_ASSERTIONS = NO;
				ENABLE_STRICT_OBJC_MSGSEND = YES;
				ENABLE_USER_SCRIPT_SANDBOXING = YES;
				GCC_C_LANGUAGE_STANDARD = gnu17;
				GCC_NO_COMMON_BLOCKS = YES;
				GCC_WARN_64_TO_32_BIT_CONVERSION = YES;
				GCC_WARN_ABOUT_RETURN_TYPE = YES_ERROR;
				GCC_WARN_UNDECLARED_SELECTOR = YES;
				GCC_WARN_UNINITIALIZED_AUTOS = YES_AGGRESSIVE;
				GCC_WARN_UNUSED_FUNCTION = YES;
				GCC_WARN_UNUSED_VARIABLE = YES;
				IPHONEOS_DEPLOYMENT_TARGET = 17.0;
				LOCALIZATION_PREFERS_STRING_CATALOGS = YES;
				MTL_ENABLE_DEBUG_INFO = NO;
				MTL_FAST_MATH = YES;
				SDKROOT = iphoneos;
				SWIFT_COMPILATION_MODE = wholemodule;
				VALIDATE_PRODUCT = YES;
			};
			name = Release;
		};
		373E35202AF9E4AA008DE736 /* Debug */ = {
			isa = XCBuildConfiguration;
			buildSettings = {
				ALWAYS_EMBED_SWIFT_STANDARD_LIBRARIES = YES;
				ASSETCATALOG_COMPILER_APPICON_NAME = AppIcon;
				ASSETCATALOG_COMPILER_GLOBAL_ACCENT_COLOR_NAME = AccentColor;
				CODE_SIGN_STYLE = Automatic;
				CURRENT_PROJECT_VERSION = 1;
				DEVELOPMENT_ASSET_PATHS = "\"DDay/Preview Content\"";
				DEVELOPMENT_TEAM = BL9GFXKNZ9;
				ENABLE_PREVIEWS = YES;
				GENERATE_INFOPLIST_FILE = YES;
				INFOPLIST_FILE = DDay/Info.plist;
				INFOPLIST_KEY_CFBundleDisplayName = DDay;
				INFOPLIST_KEY_LSApplicationCategoryType = "public.app-category.lifestyle";
				INFOPLIST_KEY_UIApplicationSupportsIndirectInputEvents = YES;
				INFOPLIST_KEY_UILaunchScreen_Generation = YES;
				INFOPLIST_KEY_UISupportedInterfaceOrientations = UIInterfaceOrientationPortrait;
				INFOPLIST_KEY_UISupportedInterfaceOrientations_iPad = "UIInterfaceOrientationLandscapeLeft UIInterfaceOrientationLandscapeRight UIInterfaceOrientationPortrait UIInterfaceOrientationPortraitUpsideDown";
				IPHONEOS_DEPLOYMENT_TARGET = 17.0;
				LD_RUNPATH_SEARCH_PATHS = (
					"$(inherited)",
					"@executable_path/Frameworks",
				);
				MARKETING_VERSION = 0.0.1;
				PRODUCT_BUNDLE_IDENTIFIER = me.fennland.DDay;
				PRODUCT_NAME = "$(TARGET_NAME)";
				SWIFT_EMIT_LOC_STRINGS = YES;
				SWIFT_VERSION = 5.0;
				TARGETED_DEVICE_FAMILY = "1,2";
			};
			name = Debug;
		};
		373E35212AF9E4AA008DE736 /* Release */ = {
			isa = XCBuildConfiguration;
			buildSettings = {
				ALWAYS_EMBED_SWIFT_STANDARD_LIBRARIES = YES;
				ASSETCATALOG_COMPILER_APPICON_NAME = AppIcon;
				ASSETCATALOG_COMPILER_GLOBAL_ACCENT_COLOR_NAME = AccentColor;
				CODE_SIGN_STYLE = Automatic;
				CURRENT_PROJECT_VERSION = 1;
				DEVELOPMENT_ASSET_PATHS = "\"DDay/Preview Content\"";
				DEVELOPMENT_TEAM = BL9GFXKNZ9;
				ENABLE_PREVIEWS = YES;
				GENERATE_INFOPLIST_FILE = YES;
				INFOPLIST_FILE = DDay/Info.plist;
				INFOPLIST_KEY_CFBundleDisplayName = DDay;
				INFOPLIST_KEY_LSApplicationCategoryType = "public.app-category.lifestyle";
				INFOPLIST_KEY_UIApplicationSupportsIndirectInputEvents = YES;
				INFOPLIST_KEY_UILaunchScreen_Generation = YES;
				INFOPLIST_KEY_UISupportedInterfaceOrientations = UIInterfaceOrientationPortrait;
				INFOPLIST_KEY_UISupportedInterfaceOrientations_iPad = "UIInterfaceOrientationLandscapeLeft UIInterfaceOrientationLandscapeRight UIInterfaceOrientationPortrait UIInterfaceOrientationPortraitUpsideDown";
				IPHONEOS_DEPLOYMENT_TARGET = 17.0;
				LD_RUNPATH_SEARCH_PATHS = (
					"$(inherited)",
					"@executable_path/Frameworks",
				);
				MARKETING_VERSION = 0.0.1;
				PRODUCT_BUNDLE_IDENTIFIER = me.fennland.DDay;
				PRODUCT_NAME = "$(TARGET_NAME)";
				SWIFT_EMIT_LOC_STRINGS = YES;
				SWIFT_VERSION = 5.0;
				TARGETED_DEVICE_FAMILY = "1,2";
			};
			name = Release;
		};
		373E35232AF9E4AA008DE736 /* Debug */ = {
			isa = XCBuildConfiguration;
			buildSettings = {
				ALWAYS_EMBED_SWIFT_STANDARD_LIBRARIES = YES;
				BUNDLE_LOADER = "$(TEST_HOST)";
				CODE_SIGN_STYLE = Automatic;
				CURRENT_PROJECT_VERSION = 1;
				DEVELOPMENT_TEAM = BL9GFXKNZ9;
				GENERATE_INFOPLIST_FILE = YES;
				IPHONEOS_DEPLOYMENT_TARGET = 17.0;
				MARKETING_VERSION = 1.0;
				PRODUCT_BUNDLE_IDENTIFIER = me.fennland.DDayTests;
				PRODUCT_NAME = "$(TARGET_NAME)";
				SWIFT_EMIT_LOC_STRINGS = NO;
				SWIFT_VERSION = 5.0;
				TARGETED_DEVICE_FAMILY = "1,2";
				TEST_HOST = "$(BUILT_PRODUCTS_DIR)/DDay.app/$(BUNDLE_EXECUTABLE_FOLDER_PATH)/DDay";
			};
			name = Debug;
		};
		373E35242AF9E4AA008DE736 /* Release */ = {
			isa = XCBuildConfiguration;
			buildSettings = {
				ALWAYS_EMBED_SWIFT_STANDARD_LIBRARIES = YES;
				BUNDLE_LOADER = "$(TEST_HOST)";
				CODE_SIGN_STYLE = Automatic;
				CURRENT_PROJECT_VERSION = 1;
				DEVELOPMENT_TEAM = BL9GFXKNZ9;
				GENERATE_INFOPLIST_FILE = YES;
				IPHONEOS_DEPLOYMENT_TARGET = 17.0;
				MARKETING_VERSION = 1.0;
				PRODUCT_BUNDLE_IDENTIFIER = me.fennland.DDayTests;
				PRODUCT_NAME = "$(TARGET_NAME)";
				SWIFT_EMIT_LOC_STRINGS = NO;
				SWIFT_VERSION = 5.0;
				TARGETED_DEVICE_FAMILY = "1,2";
				TEST_HOST = "$(BUILT_PRODUCTS_DIR)/DDay.app/$(BUNDLE_EXECUTABLE_FOLDER_PATH)/DDay";
			};
			name = Release;
		};
		373E35262AF9E4AA008DE736 /* Debug */ = {
			isa = XCBuildConfiguration;
			buildSettings = {
				ALWAYS_EMBED_SWIFT_STANDARD_LIBRARIES = YES;
				CODE_SIGN_STYLE = Automatic;
				CURRENT_PROJECT_VERSION = 1;
				DEVELOPMENT_TEAM = BL9GFXKNZ9;
				GENERATE_INFOPLIST_FILE = YES;
				MARKETING_VERSION = 1.0;
				PRODUCT_BUNDLE_IDENTIFIER = me.fennland.DDayUITests;
				PRODUCT_NAME = "$(TARGET_NAME)";
				SWIFT_EMIT_LOC_STRINGS = NO;
				SWIFT_VERSION = 5.0;
				TARGETED_DEVICE_FAMILY = "1,2";
				TEST_TARGET_NAME = DDay;
			};
			name = Debug;
		};
		373E35272AF9E4AA008DE736 /* Release */ = {
			isa = XCBuildConfiguration;
			buildSettings = {
				ALWAYS_EMBED_SWIFT_STANDARD_LIBRARIES = YES;
				CODE_SIGN_STYLE = Automatic;
				CURRENT_PROJECT_VERSION = 1;
				DEVELOPMENT_TEAM = BL9GFXKNZ9;
				GENERATE_INFOPLIST_FILE = YES;
				MARKETING_VERSION = 1.0;
				PRODUCT_BUNDLE_IDENTIFIER = me.fennland.DDayUITests;
				PRODUCT_NAME = "$(TARGET_NAME)";
				SWIFT_EMIT_LOC_STRINGS = NO;
				SWIFT_VERSION = 5.0;
				TARGETED_DEVICE_FAMILY = "1,2";
				TEST_TARGET_NAME = DDay;
			};
			name = Release;
		};
		37C7D4212B0E5B9F00C98C76 /* Debug */ = {
			isa = XCBuildConfiguration;
			buildSettings = {
				ASSETCATALOG_COMPILER_GLOBAL_ACCENT_COLOR_NAME = AccentColor;
				ASSETCATALOG_COMPILER_WIDGET_BACKGROUND_COLOR_NAME = WidgetBackground;
				CODE_SIGN_STYLE = Automatic;
				CURRENT_PROJECT_VERSION = 1;
				DEVELOPMENT_TEAM = BL9GFXKNZ9;
				GENERATE_INFOPLIST_FILE = YES;
				INFOPLIST_FILE = DDayDietWidget/Info.plist;
				INFOPLIST_KEY_CFBundleDisplayName = DDayDietWidget;
				INFOPLIST_KEY_NSHumanReadableCopyright = "";
				LD_RUNPATH_SEARCH_PATHS = (
					"$(inherited)",
					"@executable_path/Frameworks",
					"@executable_path/../../Frameworks",
					"@executable_path/../../../../Frameworks",
				);
				MARKETING_VERSION = 1.0;
				PRODUCT_BUNDLE_IDENTIFIER = me.fennland.DDay.widgets.DDayDietWidget;
				PRODUCT_NAME = "$(TARGET_NAME)";
				SDKROOT = watchos;
				SKIP_INSTALL = YES;
				SWIFT_EMIT_LOC_STRINGS = YES;
				SWIFT_VERSION = 5.0;
				TARGETED_DEVICE_FAMILY = 4;
				WATCHOS_DEPLOYMENT_TARGET = 10.0;
			};
			name = Debug;
		};
		37C7D4222B0E5B9F00C98C76 /* Release */ = {
			isa = XCBuildConfiguration;
			buildSettings = {
				ASSETCATALOG_COMPILER_GLOBAL_ACCENT_COLOR_NAME = AccentColor;
				ASSETCATALOG_COMPILER_WIDGET_BACKGROUND_COLOR_NAME = WidgetBackground;
				CODE_SIGN_STYLE = Automatic;
				CURRENT_PROJECT_VERSION = 1;
				DEVELOPMENT_TEAM = BL9GFXKNZ9;
				GENERATE_INFOPLIST_FILE = YES;
				INFOPLIST_FILE = DDayDietWidget/Info.plist;
				INFOPLIST_KEY_CFBundleDisplayName = DDayDietWidget;
				INFOPLIST_KEY_NSHumanReadableCopyright = "";
				LD_RUNPATH_SEARCH_PATHS = (
					"$(inherited)",
					"@executable_path/Frameworks",
					"@executable_path/../../Frameworks",
					"@executable_path/../../../../Frameworks",
				);
				MARKETING_VERSION = 1.0;
				PRODUCT_BUNDLE_IDENTIFIER = me.fennland.DDay.widgets.DDayDietWidget;
				PRODUCT_NAME = "$(TARGET_NAME)";
				SDKROOT = watchos;
				SKIP_INSTALL = YES;
				SWIFT_EMIT_LOC_STRINGS = YES;
				SWIFT_VERSION = 5.0;
				TARGETED_DEVICE_FAMILY = 4;
				WATCHOS_DEPLOYMENT_TARGET = 10.0;
			};
			name = Release;
		};
		37C7D4762B0E5D4D00C98C76 /* Debug */ = {
			isa = XCBuildConfiguration;
			buildSettings = {
				ASSETCATALOG_COMPILER_GLOBAL_ACCENT_COLOR_NAME = AccentColor;
				ASSETCATALOG_COMPILER_WIDGET_BACKGROUND_COLOR_NAME = WidgetBackground;
				CODE_SIGN_STYLE = Automatic;
				CURRENT_PROJECT_VERSION = 1;
				DEVELOPMENT_TEAM = BL9GFXKNZ9;
				GENERATE_INFOPLIST_FILE = YES;
				INFOPLIST_FILE = DDayDietWidget/Info.plist;
				INFOPLIST_KEY_CFBundleDisplayName = DDayDietWidget;
				INFOPLIST_KEY_NSHumanReadableCopyright = "";
				LD_RUNPATH_SEARCH_PATHS = (
					"$(inherited)",
					"@executable_path/Frameworks",
					"@executable_path/../../Frameworks",
				);
				MARKETING_VERSION = 1.0;
				PRODUCT_BUNDLE_IDENTIFIER = me.fennland.DDay.DDayDietWidget;
				PRODUCT_NAME = "$(TARGET_NAME)";
				SKIP_INSTALL = YES;
				SWIFT_EMIT_LOC_STRINGS = YES;
				SWIFT_VERSION = 5.0;
				TARGETED_DEVICE_FAMILY = "1,2";
			};
			name = Debug;
		};
		37C7D4772B0E5D4D00C98C76 /* Release */ = {
			isa = XCBuildConfiguration;
			buildSettings = {
				ASSETCATALOG_COMPILER_GLOBAL_ACCENT_COLOR_NAME = AccentColor;
				ASSETCATALOG_COMPILER_WIDGET_BACKGROUND_COLOR_NAME = WidgetBackground;
				CODE_SIGN_STYLE = Automatic;
				CURRENT_PROJECT_VERSION = 1;
				DEVELOPMENT_TEAM = BL9GFXKNZ9;
				GENERATE_INFOPLIST_FILE = YES;
				INFOPLIST_FILE = DDayDietWidget/Info.plist;
				INFOPLIST_KEY_CFBundleDisplayName = DDayDietWidget;
				INFOPLIST_KEY_NSHumanReadableCopyright = "";
				LD_RUNPATH_SEARCH_PATHS = (
					"$(inherited)",
					"@executable_path/Frameworks",
					"@executable_path/../../Frameworks",
				);
				MARKETING_VERSION = 1.0;
				PRODUCT_BUNDLE_IDENTIFIER = me.fennland.DDay.DDayDietWidget;
				PRODUCT_NAME = "$(TARGET_NAME)";
				SKIP_INSTALL = YES;
				SWIFT_EMIT_LOC_STRINGS = YES;
				SWIFT_VERSION = 5.0;
				TARGETED_DEVICE_FAMILY = "1,2";
			};
			name = Release;
		};
/* End XCBuildConfiguration section */

/* Begin XCConfigurationList section */
		372DDFA32B00ED2700FEC867 /* Build configuration list for PBXNativeTarget "watchDDay Watch App" */ = {
			isa = XCConfigurationList;
			buildConfigurations = (
				372DDF9D2B00ED2700FEC867 /* Debug */,
				372DDF9E2B00ED2700FEC867 /* Release */,
			);
			defaultConfigurationIsVisible = 0;
			defaultConfigurationName = Release;
		};
		372DDFA42B00ED2700FEC867 /* Build configuration list for PBXNativeTarget "watchDDay Watch AppTests" */ = {
			isa = XCConfigurationList;
			buildConfigurations = (
				372DDF9F2B00ED2700FEC867 /* Debug */,
				372DDFA02B00ED2700FEC867 /* Release */,
			);
			defaultConfigurationIsVisible = 0;
			defaultConfigurationName = Release;
		};
		372DDFA52B00ED2700FEC867 /* Build configuration list for PBXNativeTarget "watchDDay Watch AppUITests" */ = {
			isa = XCConfigurationList;
			buildConfigurations = (
				372DDFA12B00ED2700FEC867 /* Debug */,
				372DDFA22B00ED2700FEC867 /* Release */,
			);
			defaultConfigurationIsVisible = 0;
			defaultConfigurationName = Release;
		};
		373E34F42AF9E4A9008DE736 /* Build configuration list for PBXProject "DDay" */ = {
			isa = XCConfigurationList;
			buildConfigurations = (
				373E351D2AF9E4AA008DE736 /* Debug */,
				373E351E2AF9E4AA008DE736 /* Release */,
			);
			defaultConfigurationIsVisible = 0;
			defaultConfigurationName = Release;
		};
		373E351F2AF9E4AA008DE736 /* Build configuration list for PBXNativeTarget "DDay" */ = {
			isa = XCConfigurationList;
			buildConfigurations = (
				373E35202AF9E4AA008DE736 /* Debug */,
				373E35212AF9E4AA008DE736 /* Release */,
			);
			defaultConfigurationIsVisible = 0;
			defaultConfigurationName = Release;
		};
		373E35222AF9E4AA008DE736 /* Build configuration list for PBXNativeTarget "DDayTests" */ = {
			isa = XCConfigurationList;
			buildConfigurations = (
				373E35232AF9E4AA008DE736 /* Debug */,
				373E35242AF9E4AA008DE736 /* Release */,
			);
			defaultConfigurationIsVisible = 0;
			defaultConfigurationName = Release;
		};
		373E35252AF9E4AA008DE736 /* Build configuration list for PBXNativeTarget "DDayUITests" */ = {
			isa = XCConfigurationList;
			buildConfigurations = (
				373E35262AF9E4AA008DE736 /* Debug */,
				373E35272AF9E4AA008DE736 /* Release */,
			);
			defaultConfigurationIsVisible = 0;
			defaultConfigurationName = Release;
		};
		37C7D4232B0E5B9F00C98C76 /* Build configuration list for PBXNativeTarget "DDayDietWidgetExtension" */ = {
			isa = XCConfigurationList;
			buildConfigurations = (
				37C7D4212B0E5B9F00C98C76 /* Debug */,
				37C7D4222B0E5B9F00C98C76 /* Release */,
			);
			defaultConfigurationIsVisible = 0;
			defaultConfigurationName = Release;
		};
		37C7D4782B0E5D4D00C98C76 /* Build configuration list for PBXNativeTarget "DDayDietWidgetExtension" */ = {
			isa = XCConfigurationList;
			buildConfigurations = (
				37C7D4762B0E5D4D00C98C76 /* Debug */,
				37C7D4772B0E5D4D00C98C76 /* Release */,
			);
			defaultConfigurationIsVisible = 0;
			defaultConfigurationName = Release;
		};
/* End XCConfigurationList section */

/* Begin XCVersionGroup section */
		372DDFCA2B0128F700FEC867 /* Model.xcdatamodeld */ = {
			isa = XCVersionGroup;
			children = (
				372DDFCB2B0128F700FEC867 /* Model.xcdatamodel */,
			);
			currentVersion = 372DDFCB2B0128F700FEC867 /* Model.xcdatamodel */;
			path = Model.xcdatamodeld;
			sourceTree = "<group>";
			versionGroupType = wrapper.xcdatamodel;
		};
/* End XCVersionGroup section */
	};
	rootObject = 373E34F12AF9E4A9008DE736 /* Project object */;
}
